{
  "pins" : [
    {
      "identity" : "sttextview",
      "kind" : "remoteSourceControl",
      "location" : "https://github.com/lukepistrol/STTextView.git",
      "state" : {
        "branch" : "main",
        "revision" : "d403a57719ff6ca71dcf2bb8b91fa94cc6617498"
      }
    },
    {
      "identity" : "swifttreesitter",
      "kind" : "remoteSourceControl",
      "location" : "https://github.com/ChimeHQ/SwiftTreeSitter.git",
      "state" : {
        "branch" : "main",
        "revision" : "45e87e6ddd1bca570365db4296121828c20920e6"
      }
    },
    {
      "identity" : "tree-sitter",
      "kind" : "remoteSourceControl",
      "location" : "https://github.com/mattmassicotte/tree-sitter",
      "state" : {
        "branch" : "feature/swift-package",
        "revision" : "7bafcd7d9e01edc19cef8bf300e4841e6d397bd2"
      }
    },
    {
      "identity" : "tree-sitter-json",
      "kind" : "remoteSourceControl",
      "location" : "https://github.com/mattmassicotte/tree-sitter-json.git",
      "state" : {
        "branch" : "feature/spm",
        "revision" : "07fd294fe05a3d726ab9191e504db5f7648fa3fd"
      }
    },
    {
      "identity" : "tree-sitter-swift",
      "kind" : "remoteSourceControl",
      "location" : "https://github.com/mattmassicotte/tree-sitter-swift.git",
      "state" : {
        "branch" : "feature/spm",
        "revision" : "0305ffaa9df7266cf8f81d2a23f1b83888363288"
      }
    }
  ],
  "version" : 2
}
