{
  "pins" : [
    {
      "identity" : "neon",
      "kind" : "remoteSourceControl",
      "location" : "https://github.com/ChimeHQ/Neon.git",
      "state" : {
        "revision" : "0ab3dd38eef23826c48389faa9820c79c04b7dcf",
        "version" : "0.3.2"
      }
    },
    {
      "identity" : "rearrange",
      "kind" : "remoteSourceControl",
      "location" : "https://github.com/ChimeHQ/Rearrange",
      "state" : {
        "revision" : "c3f6b51b23c0ce26fc6a489439047ecc7a86094b",
        "version" : "1.5.1"
      }
    },
    {
      "identity" : "swifttreesitter",
      "kind" : "remoteSourceControl",
      "location" : "https://github.com/ChimeHQ/SwiftTreeSitter.git",
      "state" : {
        "revision" : "fc0a8623f40ac9f0c5ed6bc7bbcb03b94ebb18d1",
        "version" : "0.5.0"
      }
    },
    {
      "identity" : "tree-sitter-xcframework",
      "kind" : "remoteSourceControl",
      "location" : "https://github.com/krzyzanowskim/tree-sitter-xcframework",
      "state" : {
        "revision" : "8f4c5cd13662f46278e1dcb00b5a396af5552256",
        "version" : "0.206.12"
      }
    }
  ],
  "version" : 2
}
